
Microsoft Visual Studio Solution File, Format Version 12.00
# Visual Studio Version 16
VisualStudioVersion = 16.0.29201.188
MinimumVisualStudioVersion = 10.0.40219.1
Project("{FAE04EC0-301F-11D3-BF4B-00C04F79EFBC}") = "RevideWorkTest", "RevideWorkTest\RevideWorkTest.csproj", "{A70B0800-00AD-4DF5-AE44-9D616966AA93}"
EndProject
Global
	GlobalSection(SolutionConfigurationPlatforms) = preSolution
		Debug|Any CPU = Debug|Any CPU
		Release|Any CPU = Release|Any CPU
	EndGlobalSection
	GlobalSection(ProjectConfigurationPlatforms) = postSolution
		{A70B0800-00AD-4DF5-AE44-9D616966AA93}.Debug|Any CPU.ActiveCfg = Debug|Any CPU
		{A70B0800-00AD-4DF5-AE44-9D616966AA93}.Debug|Any CPU.Build.0 = Debug|Any CPU
		{A70B0800-00AD-4DF5-AE44-9D616966AA93}.Release|Any CPU.ActiveCfg = Release|Any CPU
		{A70B0800-00AD-4DF5-AE44-9D616966AA93}.Release|Any CPU.Build.0 = Release|Any CPU
	EndGlobalSection
	GlobalSection(SolutionProperties) = preSolution
		HideSolutionNode = FALSE
	EndGlobalSection
	GlobalSection(ExtensibilityGlobals) = postSolution
		SolutionGuid = {34153A37-1436-4D2D-81FA-7BFD8FE86754}
	EndGlobalSection
EndGlobal
